
Microsoft Visual Studio Solution File, Format Version 12.00
# Visual Studio Version 16
VisualStudioVersion = 16.0.29519.87
MinimumVisualStudioVersion = 10.0.40219.1
Project("{FAE04EC0-301F-11D3-BF4B-00C04F79EFBC}") = "DBObligatoriskOpgave", "DBObligatoriskOpgave\DBObligatoriskOpgave.csproj", "{BC770115-E26B-4C20-94CE-A97D727B6F17}"
EndProject
Project("{FAE04EC0-301F-11D3-BF4B-00C04F79EFBC}") = "DBObligatoriskOpgaveWS", "DBObligatoriskOpgaveWS\DBObligatoriskOpgaveWS.csproj", "{1456C2FC-6E2B-4811-B91D-7FF592C62DE4}"
EndProject
Global
	GlobalSection(SolutionConfigurationPlatforms) = preSolution
		Debug|Any CPU = Debug|Any CPU
		Release|Any CPU = Release|Any CPU
	EndGlobalSection
	GlobalSection(ProjectConfigurationPlatforms) = postSolution
		{BC770115-E26B-4C20-94CE-A97D727B6F17}.Debug|Any CPU.ActiveCfg = Debug|Any CPU
		{BC770115-E26B-4C20-94CE-A97D727B6F17}.Debug|Any CPU.Build.0 = Debug|Any CPU
		{BC770115-E26B-4C20-94CE-A97D727B6F17}.Release|Any CPU.ActiveCfg = Release|Any CPU
		{BC770115-E26B-4C20-94CE-A97D727B6F17}.Release|Any CPU.Build.0 = Release|Any CPU
		{1456C2FC-6E2B-4811-B91D-7FF592C62DE4}.Debug|Any CPU.ActiveCfg = Debug|Any CPU
		{1456C2FC-6E2B-4811-B91D-7FF592C62DE4}.Debug|Any CPU.Build.0 = Debug|Any CPU
		{1456C2FC-6E2B-4811-B91D-7FF592C62DE4}.Release|Any CPU.ActiveCfg = Release|Any CPU
		{1456C2FC-6E2B-4811-B91D-7FF592C62DE4}.Release|Any CPU.Build.0 = Release|Any CPU
	EndGlobalSection
	GlobalSection(SolutionProperties) = preSolution
		HideSolutionNode = FALSE
	EndGlobalSection
	GlobalSection(ExtensibilityGlobals) = postSolution
		SolutionGuid = {E4BF809D-F5FC-487E-86D4-EB0C679D1725}
	EndGlobalSection
EndGlobal
